{
  "name": "ifcjs",
  "version": "1.0.0",
  "lockfileVersion": 3,
  "requires": true,
  "packages": {
    "": {
      "name": "ifcjs",
      "version": "1.0.0",
      "license": "ISC",
      "dependencies": {
        "web-ifc-viewer": "^1.0.218"
      },
      "devDependencies": {
        "rollup-plugin-node-resolve": "github:rollup/rollup-plugin-node-resolve"
      }
    },
    "node_modules/@rollup/rollup-android-arm-eabi": {
      "version": "4.2.0",
      "resolved": "https://registry.npmjs.org/@rollup/rollup-android-arm-eabi/-/rollup-android-arm-eabi-4.2.0.tgz",
      "integrity": "sha512-8PlggAxGxavr+pkCNeV1TM2wTb2o+cUWDg9M1cm9nR27Dsn287uZtSLYXoQqQcmq+sYfF7lHfd3sWJJinH9GmA==",
      "cpu": [
        "arm"
      ],
      "dev": true,
      "optional": true,
      "os": [
        "android"
      ],
      "peer": true
    },
    "node_modules/@rollup/rollup-android-arm64": {
      "version": "4.2.0",
      "resolved": "https://registry.npmjs.org/@rollup/rollup-android-arm64/-/rollup-android-arm64-4.2.0.tgz",
      "integrity": "sha512-+71T85hbMFrJI+zKQULNmSYBeIhru55PYoF/u75MyeN2FcxE4HSPw20319b+FcZ4lWx2Nx/Ql9tN+hoaD3GH/A==",
      "cpu": [
        "arm64"
      ],
      "dev": true,
      "optional": true,
      "os": [
        "android"
      ],
      "peer": true
    },
    "node_modules/@rollup/rollup-darwin-arm64": {
      "version": "4.2.0",
      "resolved": "https://registry.npmjs.org/@rollup/rollup-darwin-arm64/-/rollup-darwin-arm64-4.2.0.tgz",
      "integrity": "sha512-IIIQLuG43QIElT1JZqUP/zqIdiJl4t9U/boa0GZnQTw9m1X0k3mlBuysbgYXeloLT1RozdL7bgw4lpSaI8GOXw==",
      "cpu": [
        "arm64"
      ],
      "dev": true,
      "optional": true,
      "os": [
        "darwin"
      ],
      "peer": true
    },
    "node_modules/@rollup/rollup-darwin-x64": {
      "version": "4.2.0",
      "resolved": "https://registry.npmjs.org/@rollup/rollup-darwin-x64/-/rollup-darwin-x64-4.2.0.tgz",
      "integrity": "sha512-BXcXvnLaea1Xz900omrGJhxHFJfH9jZ0CpJuVsbjjhpniJ6qiLXz3xA8Lekaa4MuhFcJd4f0r+Ky1G4VFbYhWw==",
      "cpu": [
        "x64"
      ],
      "dev": true,
      "optional": true,
      "os": [
        "darwin"
      ],
      "peer": true
    },
    "node_modules/@rollup/rollup-linux-arm-gnueabihf": {
      "version": "4.2.0",
      "resolved": "https://registry.npmjs.org/@rollup/rollup-linux-arm-gnueabihf/-/rollup-linux-arm-gnueabihf-4.2.0.tgz",
      "integrity": "sha512-f4K3MKw9Y4AKi4ANGnmPIglr+S+8tO858YrGVuqAHXxJdVghBmz9CPU9kDpOnGvT4g4vg5uNyIFpOOFvffXyMA==",
      "cpu": [
        "arm"
      ],
      "dev": true,
      "optional": true,
      "os": [
        "linux"
      ],
      "peer": true
    },
    "node_modules/@rollup/rollup-linux-arm64-gnu": {
      "version": "4.2.0",
      "resolved": "https://registry.npmjs.org/@rollup/rollup-linux-arm64-gnu/-/rollup-linux-arm64-gnu-4.2.0.tgz",
      "integrity": "sha512-bNsTYQBgp4H7w6cT7FZhesxpcUPahsSIy4NgdZjH1ZwEoZHxi4XKglj+CsSEkhsKi+x6toVvMylhjRKhEMYfnA==",
      "cpu": [
        "arm64"
      ],
      "dev": true,
      "optional": true,
      "os": [
        "linux"
      ],
      "peer": true
    },
    "node_modules/@rollup/rollup-linux-arm64-musl": {
      "version": "4.2.0",
      "resolved": "https://registry.npmjs.org/@rollup/rollup-linux-arm64-musl/-/rollup-linux-arm64-musl-4.2.0.tgz",
      "integrity": "sha512-Jp1NxBJpGLuxRU2ihrQk4IZ+ia5nffobG6sOFUPW5PMYkF0kQtxEbeDuCa69Xif211vUOcxlOnf5IOEIpTEySA==",
      "cpu": [
        "arm64"
      ],
      "dev": true,
      "optional": true,
      "os": [
        "linux"
      ],
      "peer": true
    },
    "node_modules/@rollup/rollup-linux-x64-gnu": {
      "version": "4.2.0",
      "resolved": "https://registry.npmjs.org/@rollup/rollup-linux-x64-gnu/-/rollup-linux-x64-gnu-4.2.0.tgz",
      "integrity": "sha512-3p3iRtQmv2aXw+vtKNyZMLOQ+LSRsqArXjKAh2Oj9cqwfIRe7OXvdkOzWfZOIp1F/x5KJzVAxGxnniF4cMbnsQ==",
      "cpu": [
        "x64"
      ],
      "dev": true,
      "optional": true,
      "os": [
        "linux"
      ],
      "peer": true
    },
    "node_modules/@rollup/rollup-linux-x64-musl": {
      "version": "4.2.0",
      "resolved": "https://registry.npmjs.org/@rollup/rollup-linux-x64-musl/-/rollup-linux-x64-musl-4.2.0.tgz",
      "integrity": "sha512-atih7IF/reUZe4LBLC5Izd44hth2tfDIG8LaPp4/cQXdHh9jabcZEvIeRPrpDq0i/Uu487Qu5gl5KwyAnWajnw==",
      "cpu": [
        "x64"
      ],
      "dev": true,
      "optional": true,
      "os": [
        "linux"
      ],
      "peer": true
    },
    "node_modules/@rollup/rollup-win32-arm64-msvc": {
      "version": "4.2.0",
      "resolved": "https://registry.npmjs.org/@rollup/rollup-win32-arm64-msvc/-/rollup-win32-arm64-msvc-4.2.0.tgz",
      "integrity": "sha512-vYxF3tKJeUE4ceYzpNe2p84RXk/fGK30I8frpRfv/MyPStej/mRlojztkN7Jtd1014HHVeq/tYaMBz/3IxkxZw==",
      "cpu": [
        "arm64"
      ],
      "dev": true,
      "optional": true,
      "os": [
        "win32"
      ],
      "peer": true
    },
    "node_modules/@rollup/rollup-win32-ia32-msvc": {
      "version": "4.2.0",
      "resolved": "https://registry.npmjs.org/@rollup/rollup-win32-ia32-msvc/-/rollup-win32-ia32-msvc-4.2.0.tgz",
      "integrity": "sha512-1LZJ6zpl93SaPQvas618bMFarVwufWTaczH4ESAbFcwiC4OtznA6Ym+hFPyIGaJaGEB8uMWWac0uXGPXOg5FGA==",
      "cpu": [
        "ia32"
      ],
      "dev": true,
      "optional": true,
      "os": [
        "win32"
      ],
      "peer": true
    },
    "node_modules/@rollup/rollup-win32-x64-msvc": {
      "version": "4.2.0",
      "resolved": "https://registry.npmjs.org/@rollup/rollup-win32-x64-msvc/-/rollup-win32-x64-msvc-4.2.0.tgz",
      "integrity": "sha512-dgQfFdHCNg08nM5zBmqxqc9vrm0DVzhWotpavbPa0j4//MAOKZEB75yGAfzQE9fUJ+4pvM1239Y4IhL8f6sSog==",
      "cpu": [
        "x64"
      ],
      "dev": true,
      "optional": true,
      "os": [
        "win32"
      ],
      "peer": true
    },
    "node_modules/@types/node": {
      "version": "20.8.10",
      "resolved": "https://registry.npmjs.org/@types/node/-/node-20.8.10.tgz",
      "integrity": "sha512-TlgT8JntpcbmKUFzjhsyhGfP2fsiz1Mv56im6enJ905xG1DAYesxJaeSbGqQmAw8OWPdhyJGhGSQGKRNJ45u9w==",
      "dev": true,
      "dependencies": {
        "undici-types": "~5.26.4"
      }
    },
    "node_modules/@types/resolve": {
      "version": "0.0.8",
      "resolved": "https://registry.npmjs.org/@types/resolve/-/resolve-0.0.8.tgz",
      "integrity": "sha512-auApPaJf3NPfe18hSoJkp8EbZzer2ISk7o8mCC3M9he/a04+gbMF97NkpD2S8riMGvm4BMRI59/SZQSaLTKpsQ==",
      "dev": true,
      "dependencies": {
        "@types/node": "*"
      }
    },
    "node_modules/builtin-modules": {
      "version": "3.3.0",
      "resolved": "https://registry.npmjs.org/builtin-modules/-/builtin-modules-3.3.0.tgz",
      "integrity": "sha512-zhaCDicdLuWN5UbN5IMnFqNMhNfo919sH85y2/ea+5Yg9TsTkeZxpL+JLbp6cgYFS4sRLp3YV4S6yDuqVWHYOw==",
      "dev": true,
      "engines": {
        "node": ">=6"
      },
      "funding": {
        "url": "https://github.com/sponsors/sindresorhus"
      }
    },
    "node_modules/camera-controls": {
      "version": "1.38.2",
      "resolved": "https://registry.npmjs.org/camera-controls/-/camera-controls-1.38.2.tgz",
      "integrity": "sha512-EfzbovxLssyWpJVG9uKcazSDDIEcd1hUsPhPF/OWWnICsKY9WbLY/2S4UPW73HHbvnVeR/Z9wsWaQKtANy/2Yg==",
      "peerDependencies": {
        "three": ">=0.126.1"
      }
    },
    "node_modules/dat.gui": {
      "version": "0.7.9",
      "resolved": "https://registry.npmjs.org/dat.gui/-/dat.gui-0.7.9.tgz",
      "integrity": "sha512-sCNc1OHobc+Erc1HqiswYgHdVNpSJUlk/Hz8vzOCsER7rl+oF/4+v8GXFUyCgtXpoCX6+bnmg07DedLvBLwYKQ=="
    },
    "node_modules/estree-walker": {
      "version": "0.6.1",
      "resolved": "https://registry.npmjs.org/estree-walker/-/estree-walker-0.6.1.tgz",
      "integrity": "sha512-SqmZANLWS0mnatqbSfRP5g8OXZC12Fgg1IwNtLsyHDzJizORW4khDfjPqJZsemPWBB2uqykUah5YpQ6epsqC/w==",
      "dev": true
    },
    "node_modules/fsevents": {
      "version": "2.3.3",
      "resolved": "https://registry.npmjs.org/fsevents/-/fsevents-2.3.3.tgz",
      "integrity": "sha512-5xoDfX+fL7faATnagmWPpbFtwh/R77WmMMqqHGS65C3vvB0YHrgF+B1YmZ3441tMj5n63k0212XNoJwzlhffQw==",
      "dev": true,
      "hasInstallScript": true,
      "optional": true,
      "os": [
        "darwin"
      ],
      "peer": true,
      "engines": {
        "node": "^8.16.0 || ^10.6.0 || >=11.0.0"
      }
    },
    "node_modules/function-bind": {
      "version": "1.1.2",
      "resolved": "https://registry.npmjs.org/function-bind/-/function-bind-1.1.2.tgz",
      "integrity": "sha512-7XHNxH7qX9xG5mIwxkhumTox/MIRNcOgDrxWsMt2pAr23WHp6MrRlN7FBSFpCpr+oVO0F744iUgR82nJMfG2SA==",
      "dev": true,
      "funding": {
        "url": "https://github.com/sponsors/ljharb"
      }
    },
    "node_modules/gsap": {
      "version": "3.12.2",
      "resolved": "https://registry.npmjs.org/gsap/-/gsap-3.12.2.tgz",
      "integrity": "sha512-EkYnpG8qHgYBFAwsgsGEqvT1WUidX0tt/ijepx7z8EUJHElykg91RvW1XbkT59T0gZzzszOpjQv7SE41XuIXyQ=="
    },
    "node_modules/hasown": {
      "version": "2.0.0",
      "resolved": "https://registry.npmjs.org/hasown/-/hasown-2.0.0.tgz",
      "integrity": "sha512-vUptKVTpIJhcczKBbgnS+RtcuYMB8+oNzPK2/Hp3hanz8JmpATdmmgLgSaadVREkDm+e2giHwY3ZRkyjSIDDFA==",
      "dev": true,
      "dependencies": {
        "function-bind": "^1.1.2"
      },
      "engines": {
        "node": ">= 0.4"
      }
    },
    "node_modules/is-core-module": {
      "version": "2.13.1",
      "resolved": "https://registry.npmjs.org/is-core-module/-/is-core-module-2.13.1.tgz",
      "integrity": "sha512-hHrIjvZsftOsvKSn2TRYl63zvxsgE0K+0mYMoH6gD4omR5IWB2KynivBQczo3+wF1cCkjzvptnI9Q0sPU66ilw==",
      "dev": true,
      "dependencies": {
        "hasown": "^2.0.0"
      },
      "funding": {
        "url": "https://github.com/sponsors/ljharb"
      }
    },
    "node_modules/is-module": {
      "version": "1.0.0",
      "resolved": "https://registry.npmjs.org/is-module/-/is-module-1.0.0.tgz",
      "integrity": "sha512-51ypPSPCoTEIN9dy5Oy+h4pShgJmPCygKfyRCISBI+JoWT/2oJvK8QPxmwv7b/p239jXrm9M1mlQbyKJ5A152g==",
      "dev": true
    },
    "node_modules/path-parse": {
      "version": "1.0.7",
      "resolved": "https://registry.npmjs.org/path-parse/-/path-parse-1.0.7.tgz",
      "integrity": "sha512-LDJzPVEEEPR+y48z93A0Ed0yXb8pAByGWo/k5YYdYgpY2/2EsOsksJrq7lOHxryrVOn1ejG6oAp8ahvOIQD8sw==",
      "dev": true
    },
    "node_modules/resolve": {
      "version": "1.22.8",
      "resolved": "https://registry.npmjs.org/resolve/-/resolve-1.22.8.tgz",
      "integrity": "sha512-oKWePCxqpd6FlLvGV1VU0x7bkPmmCNolxzjMf4NczoDnQcIWrAF+cPtZn5i6n+RfD2d9i0tzpKnG6Yk168yIyw==",
      "dev": true,
      "dependencies": {
        "is-core-module": "^2.13.0",
        "path-parse": "^1.0.7",
        "supports-preserve-symlinks-flag": "^1.0.0"
      },
      "bin": {
        "resolve": "bin/resolve"
      },
      "funding": {
        "url": "https://github.com/sponsors/ljharb"
      }
    },
    "node_modules/rollup": {
      "version": "4.2.0",
      "resolved": "https://registry.npmjs.org/rollup/-/rollup-4.2.0.tgz",
      "integrity": "sha512-deaMa9Z+jPVeBD2dKXv+h7EbdKte9++V2potc/ADqvVgEr6DEJ3ia9u0joarjC2lX/ubaCRYz3QVx0TzuVqAJA==",
      "dev": true,
      "peer": true,
      "bin": {
        "rollup": "dist/bin/rollup"
      },
      "engines": {
        "node": ">=18.0.0",
        "npm": ">=8.0.0"
      },
      "optionalDependencies": {
        "@rollup/rollup-android-arm-eabi": "4.2.0",
        "@rollup/rollup-android-arm64": "4.2.0",
        "@rollup/rollup-darwin-arm64": "4.2.0",
        "@rollup/rollup-darwin-x64": "4.2.0",
        "@rollup/rollup-linux-arm-gnueabihf": "4.2.0",
        "@rollup/rollup-linux-arm64-gnu": "4.2.0",
        "@rollup/rollup-linux-arm64-musl": "4.2.0",
        "@rollup/rollup-linux-x64-gnu": "4.2.0",
        "@rollup/rollup-linux-x64-musl": "4.2.0",
        "@rollup/rollup-win32-arm64-msvc": "4.2.0",
        "@rollup/rollup-win32-ia32-msvc": "4.2.0",
        "@rollup/rollup-win32-x64-msvc": "4.2.0",
        "fsevents": "~2.3.2"
      }
    },
    "node_modules/rollup-plugin-node-resolve": {
      "version": "5.2.0",
      "resolved": "git+ssh://git@github.com/rollup/rollup-plugin-node-resolve.git#daa51892f9b19dac46dffbdfe986d768543b6a2f",
      "dev": true,
      "license": "MIT",
      "dependencies": {
        "@types/resolve": "0.0.8",
        "builtin-modules": "^3.1.0",
        "is-module": "^1.0.0",
        "resolve": "^1.11.1",
        "rollup-pluginutils": "^2.8.1"
      },
      "peerDependencies": {
        "rollup": ">=1.11.0"
      }
    },
    "node_modules/rollup-pluginutils": {
      "version": "2.8.2",
      "resolved": "https://registry.npmjs.org/rollup-pluginutils/-/rollup-pluginutils-2.8.2.tgz",
      "integrity": "sha512-EEp9NhnUkwY8aif6bxgovPHMoMoNr2FulJziTndpt5H9RdwC47GSGuII9XxpSdzVGM0GWrNPHV6ie1LTNJPaLQ==",
      "dev": true,
      "dependencies": {
        "estree-walker": "^0.6.1"
      }
    },
    "node_modules/supports-preserve-symlinks-flag": {
      "version": "1.0.0",
      "resolved": "https://registry.npmjs.org/supports-preserve-symlinks-flag/-/supports-preserve-symlinks-flag-1.0.0.tgz",
      "integrity": "sha512-ot0WnXS9fgdkgIcePe6RHNk1WA8+muPa6cSjeR3V8K27q9BB1rTE3R1p7Hv0z1ZyAc8s6Vvv8DIyWf681MAt0w==",
      "dev": true,
      "engines": {
        "node": ">= 0.4"
      },
      "funding": {
        "url": "https://github.com/sponsors/ljharb"
      }
    },
    "node_modules/three": {
      "version": "0.135.0",
      "resolved": "https://registry.npmjs.org/three/-/three-0.135.0.tgz",
      "integrity": "sha512-kuEpuuxRzLv0MDsXai9huCxOSQPZ4vje6y0gn80SRmQvgz6/+rI0NAvCRAw56zYaWKMGMfqKWsxF9Qa2Z9xymQ==",
      "peer": true
    },
    "node_modules/three-mesh-bvh": {
      "version": "0.5.24",
      "resolved": "https://registry.npmjs.org/three-mesh-bvh/-/three-mesh-bvh-0.5.24.tgz",
      "integrity": "sha512-VTIgfjz8aFoPKTQoMIQQv9jJD4ybFRZuKKE1/kqy78FQcuHQ0+iIWv7C5cSb2inlvs7bNMVY3yRx3RXGZfrvzQ==",
      "peerDependencies": {
        "three": ">= 0.123.0"
      }
    },
    "node_modules/undici-types": {
      "version": "5.26.5",
      "resolved": "https://registry.npmjs.org/undici-types/-/undici-types-5.26.5.tgz",
      "integrity": "sha512-JlCMO+ehdEIKqlFxk6IfVoAUVmgz7cU7zD/h9XZ0qzeosSHmUJVOzSQvvYSYWXkFXC+IfLKSIffhv0sVZup6pA==",
      "dev": true
    },
    "node_modules/web-ifc": {
      "version": "0.0.39",
      "resolved": "https://registry.npmjs.org/web-ifc/-/web-ifc-0.0.39.tgz",
      "integrity": "sha512-sg+DyxDiyXBqlXXbz+uSqw8IGX+mVvHmn2+hg6UXDvAcrzJJw8EI2H4ZzlxWxCqqdpGVeK0wCpdeQm43UCDbrA=="
    },
    "node_modules/web-ifc-three": {
      "version": "0.0.125",
      "resolved": "https://registry.npmjs.org/web-ifc-three/-/web-ifc-three-0.0.125.tgz",
      "integrity": "sha512-i9hnYQq5XOEJ/eeYgwe44IAiIgbjn46zOcuEuvkV+8liutrDHitv8Ct126BNOBaoe7B9ZYnQk8CL9/YEtdtGOQ==",
      "dependencies": {
        "three-mesh-bvh": "0.5.21",
        "web-ifc": "^0.0.39"
      },
      "peerDependencies": {
        "three": "^0.149.0"
      }
    },
    "node_modules/web-ifc-three/node_modules/three-mesh-bvh": {
      "version": "0.5.21",
      "resolved": "https://registry.npmjs.org/three-mesh-bvh/-/three-mesh-bvh-0.5.21.tgz",
      "integrity": "sha512-TGXPk7YwtlU5rgQJYA25OT6yAdBMeekfC4BTkGNtTWA5glb2rmEpjxvhZncRQSl73QZir2LFOQT0FjfzgG55xw==",
      "peerDependencies": {
        "three": ">= 0.123.0"
      }
    },
    "node_modules/web-ifc-viewer": {
      "version": "1.0.218",
      "resolved": "https://registry.npmjs.org/web-ifc-viewer/-/web-ifc-viewer-1.0.218.tgz",
      "integrity": "sha512-qLY36+KFNG9g6VTGplVks3WyAm6DxdmGXfKyTCaDcg993sbHBn+KpeMyP75RNIwjvZ3pg2yPgPV3U9vJ1LITtA==",
      "dependencies": {
        "camera-controls": "^1.33.1",
        "dat.gui": "^0.7.7",
        "gsap": "^3.7.1",
        "three-mesh-bvh": "^0.5.11",
        "web-ifc": "^0.0.39",
        "web-ifc-three": "^0.0.125"
      },
      "peerDependencies": {
        "three": "^0.135.0"
      }
    }
  }
}
